
Microsoft Visual Studio Solution File, Format Version 12.00
# Visual Studio Version 17
VisualStudioVersion = 17.9.34616.47
MinimumVisualStudioVersion = 10.0.40219.1
Project("{2150E333-8FDC-42A3-9474-1A3956D46DE8}") = "Services", "Services", "{356D2BEA-661A-44B9-83FB-410EE3A7AB26}"
EndProject
Project("{2150E333-8FDC-42A3-9474-1A3956D46DE8}") = "Catalog", "Catalog", "{AD1D6AB9-63FF-4C4C-9773-8E2C6569651B}"
EndProject
Project("{9A19103F-16F7-4668-BE54-9A1E7A4F7556}") = "Catalog.API", "Services\Catalog\Catalog.API\Catalog.API.csproj", "{F700B52B-EF5F-4A0D-A4DB-57FD9E5028DB}"
EndProject
Project("{2150E333-8FDC-42A3-9474-1A3956D46DE8}") = "BuildingBlocks", "BuildingBlocks", "{39F97C6A-8BED-4C46-8349-1DA13348A475}"
EndProject
Project("{9A19103F-16F7-4668-BE54-9A1E7A4F7556}") = "BuildingBlocks", "BuildingBlocks\BuildingBlocks\BuildingBlocks.csproj", "{AFCD5C6A-30C5-46F0-8CA0-60FD6189F3A7}"
EndProject
Project("{E53339B2-1760-4266-BCC7-CA923CBCF16C}") = "docker-compose", "docker-compose.dcproj", "{BDF4F64D-115D-4E6F-95D5-E62FF3B0BEA7}"
EndProject
Project("{2150E333-8FDC-42A3-9474-1A3956D46DE8}") = "Basket", "Basket", "{65F35313-00D2-4F44-BDDE-96C12E00E1E2}"
EndProject
Project("{FAE04EC0-301F-11D3-BF4B-00C04F79EFBC}") = "Basket.API", "Services\Basket\Basket.API\Basket.API.csproj", "{4797EF6E-5072-41F1-89CA-7CD834E73351}"
EndProject
Project("{2150E333-8FDC-42A3-9474-1A3956D46DE8}") = "Discount", "Discount", "{11F218B6-7E4B-468E-A741-DBC7B9CCB192}"
EndProject
Project("{FAE04EC0-301F-11D3-BF4B-00C04F79EFBC}") = "Discount.Grpc", "Services\Discount\Discount.Grpc\Discount.Grpc.csproj", "{C92B20F6-042A-435F-8578-F4FAC1380774}"
EndProject
Project("{2150E333-8FDC-42A3-9474-1A3956D46DE8}") = "Ordering", "Ordering", "{AC1CD254-71D9-4860-8179-ADEC36822B4E}"
EndProject
Project("{FAE04EC0-301F-11D3-BF4B-00C04F79EFBC}") = "Ordering.API", "Services\Ordering\Ordering.API\Ordering.API.csproj", "{31C24849-A66A-4075-934E-5F7772FA4341}"
EndProject
Project("{FAE04EC0-301F-11D3-BF4B-00C04F79EFBC}") = "Ordering.Domain", "Services\Ordering\Ordering.Domain\Ordering.Domain.csproj", "{A5D2BD51-F9FA-4A9B-92C6-038E39F08011}"
EndProject
Project("{FAE04EC0-301F-11D3-BF4B-00C04F79EFBC}") = "Ordering.Application", "Services\Ordering\Ordering.Application\Ordering.Application.csproj", "{C02E3237-E7BF-4E15-9ADF-33EF4E87CFD0}"
EndProject
Project("{FAE04EC0-301F-11D3-BF4B-00C04F79EFBC}") = "Ordering.Infrastructure", "Services\Ordering\Ordering.Infrastructure\Ordering.Infrastructure.csproj", "{D935612F-29E0-4AFD-958D-7C8E22BF93FD}"
EndProject
Global
	GlobalSection(SolutionConfigurationPlatforms) = preSolution
		Debug|Any CPU = Debug|Any CPU
		Release|Any CPU = Release|Any CPU
	EndGlobalSection
	GlobalSection(ProjectConfigurationPlatforms) = postSolution
		{F700B52B-EF5F-4A0D-A4DB-57FD9E5028DB}.Debug|Any CPU.ActiveCfg = Debug|Any CPU
		{F700B52B-EF5F-4A0D-A4DB-57FD9E5028DB}.Debug|Any CPU.Build.0 = Debug|Any CPU
		{F700B52B-EF5F-4A0D-A4DB-57FD9E5028DB}.Release|Any CPU.ActiveCfg = Release|Any CPU
		{F700B52B-EF5F-4A0D-A4DB-57FD9E5028DB}.Release|Any CPU.Build.0 = Release|Any CPU
		{AFCD5C6A-30C5-46F0-8CA0-60FD6189F3A7}.Debug|Any CPU.ActiveCfg = Debug|Any CPU
		{AFCD5C6A-30C5-46F0-8CA0-60FD6189F3A7}.Debug|Any CPU.Build.0 = Debug|Any CPU
		{AFCD5C6A-30C5-46F0-8CA0-60FD6189F3A7}.Release|Any CPU.ActiveCfg = Release|Any CPU
		{AFCD5C6A-30C5-46F0-8CA0-60FD6189F3A7}.Release|Any CPU.Build.0 = Release|Any CPU
		{BDF4F64D-115D-4E6F-95D5-E62FF3B0BEA7}.Debug|Any CPU.ActiveCfg = Debug|Any CPU
		{BDF4F64D-115D-4E6F-95D5-E62FF3B0BEA7}.Debug|Any CPU.Build.0 = Debug|Any CPU
		{BDF4F64D-115D-4E6F-95D5-E62FF3B0BEA7}.Release|Any CPU.ActiveCfg = Release|Any CPU
		{BDF4F64D-115D-4E6F-95D5-E62FF3B0BEA7}.Release|Any CPU.Build.0 = Release|Any CPU
		{4797EF6E-5072-41F1-89CA-7CD834E73351}.Debug|Any CPU.ActiveCfg = Debug|Any CPU
		{4797EF6E-5072-41F1-89CA-7CD834E73351}.Debug|Any CPU.Build.0 = Debug|Any CPU
		{4797EF6E-5072-41F1-89CA-7CD834E73351}.Release|Any CPU.ActiveCfg = Release|Any CPU
		{4797EF6E-5072-41F1-89CA-7CD834E73351}.Release|Any CPU.Build.0 = Release|Any CPU
		{C92B20F6-042A-435F-8578-F4FAC1380774}.Debug|Any CPU.ActiveCfg = Debug|Any CPU
		{C92B20F6-042A-435F-8578-F4FAC1380774}.Debug|Any CPU.Build.0 = Debug|Any CPU
		{C92B20F6-042A-435F-8578-F4FAC1380774}.Release|Any CPU.ActiveCfg = Release|Any CPU
		{C92B20F6-042A-435F-8578-F4FAC1380774}.Release|Any CPU.Build.0 = Release|Any CPU
		{31C24849-A66A-4075-934E-5F7772FA4341}.Debug|Any CPU.ActiveCfg = Debug|Any CPU
		{31C24849-A66A-4075-934E-5F7772FA4341}.Debug|Any CPU.Build.0 = Debug|Any CPU
		{31C24849-A66A-4075-934E-5F7772FA4341}.Release|Any CPU.ActiveCfg = Release|Any CPU
		{31C24849-A66A-4075-934E-5F7772FA4341}.Release|Any CPU.Build.0 = Release|Any CPU
		{A5D2BD51-F9FA-4A9B-92C6-038E39F08011}.Debug|Any CPU.ActiveCfg = Debug|Any CPU
		{A5D2BD51-F9FA-4A9B-92C6-038E39F08011}.Debug|Any CPU.Build.0 = Debug|Any CPU
		{A5D2BD51-F9FA-4A9B-92C6-038E39F08011}.Release|Any CPU.ActiveCfg = Release|Any CPU
		{A5D2BD51-F9FA-4A9B-92C6-038E39F08011}.Release|Any CPU.Build.0 = Release|Any CPU
		{C02E3237-E7BF-4E15-9ADF-33EF4E87CFD0}.Debug|Any CPU.ActiveCfg = Debug|Any CPU
		{C02E3237-E7BF-4E15-9ADF-33EF4E87CFD0}.Debug|Any CPU.Build.0 = Debug|Any CPU
		{C02E3237-E7BF-4E15-9ADF-33EF4E87CFD0}.Release|Any CPU.ActiveCfg = Release|Any CPU
		{C02E3237-E7BF-4E15-9ADF-33EF4E87CFD0}.Release|Any CPU.Build.0 = Release|Any CPU
		{D935612F-29E0-4AFD-958D-7C8E22BF93FD}.Debug|Any CPU.ActiveCfg = Debug|Any CPU
		{D935612F-29E0-4AFD-958D-7C8E22BF93FD}.Debug|Any CPU.Build.0 = Debug|Any CPU
		{D935612F-29E0-4AFD-958D-7C8E22BF93FD}.Release|Any CPU.ActiveCfg = Release|Any CPU
		{D935612F-29E0-4AFD-958D-7C8E22BF93FD}.Release|Any CPU.Build.0 = Release|Any CPU
	EndGlobalSection
	GlobalSection(SolutionProperties) = preSolution
		HideSolutionNode = FALSE
	EndGlobalSection
	GlobalSection(NestedProjects) = preSolution
		{AD1D6AB9-63FF-4C4C-9773-8E2C6569651B} = {356D2BEA-661A-44B9-83FB-410EE3A7AB26}
		{F700B52B-EF5F-4A0D-A4DB-57FD9E5028DB} = {AD1D6AB9-63FF-4C4C-9773-8E2C6569651B}
		{AFCD5C6A-30C5-46F0-8CA0-60FD6189F3A7} = {39F97C6A-8BED-4C46-8349-1DA13348A475}
		{65F35313-00D2-4F44-BDDE-96C12E00E1E2} = {356D2BEA-661A-44B9-83FB-410EE3A7AB26}
		{4797EF6E-5072-41F1-89CA-7CD834E73351} = {65F35313-00D2-4F44-BDDE-96C12E00E1E2}
		{11F218B6-7E4B-468E-A741-DBC7B9CCB192} = {356D2BEA-661A-44B9-83FB-410EE3A7AB26}
		{C92B20F6-042A-435F-8578-F4FAC1380774} = {11F218B6-7E4B-468E-A741-DBC7B9CCB192}
		{AC1CD254-71D9-4860-8179-ADEC36822B4E} = {356D2BEA-661A-44B9-83FB-410EE3A7AB26}
		{31C24849-A66A-4075-934E-5F7772FA4341} = {AC1CD254-71D9-4860-8179-ADEC36822B4E}
		{A5D2BD51-F9FA-4A9B-92C6-038E39F08011} = {AC1CD254-71D9-4860-8179-ADEC36822B4E}
		{C02E3237-E7BF-4E15-9ADF-33EF4E87CFD0} = {AC1CD254-71D9-4860-8179-ADEC36822B4E}
		{D935612F-29E0-4AFD-958D-7C8E22BF93FD} = {AC1CD254-71D9-4860-8179-ADEC36822B4E}
	EndGlobalSection
	GlobalSection(ExtensibilityGlobals) = postSolution
		SolutionGuid = {2BD75A91-F3EB-4A09-9A71-3F4F7026AD46}
	EndGlobalSection
EndGlobal
